# THIS IS AN AUTOGENERATED FILE. DO NOT EDIT THIS FILE DIRECTLY.
# yarn lockfile v1


"@ai-sdk/gateway@1.0.23":
  version "1.0.23"
  resolved "https://registry.yarnpkg.com/@ai-sdk/gateway/-/gateway-1.0.23.tgz#284a7de5bf7c9e80ac68416f19cf3644d7bb2db6"
  integrity sha512-ynV7WxpRK2zWLGkdOtrU2hW22mBVkEYVS3iMg1+ZGmAYSgzCqzC74bfOJZ2GU1UdcrFWUsFI9qAYjsPkd+AebA==
  dependencies:
    "@ai-sdk/provider" "2.0.0"
    "@ai-sdk/provider-utils" "3.0.9"

"@ai-sdk/google@^2.0.13":
  version "2.0.14"
  resolved "https://registry.yarnpkg.com/@ai-sdk/google/-/google-2.0.14.tgz#0afd7b29718d77bd104b70d46cd81af34cfd9b04"
  integrity sha512-OCBBkEUq1RNLkbJuD+ejqGsWDD0M5nRyuFWDchwylxy0J4HSsAiGNhutNYVTdnqmNw+r9LyZlkyZ1P4YfAfLdg==
  dependencies:
    "@ai-sdk/provider" "2.0.0"
    "@ai-sdk/provider-utils" "3.0.9"

"@ai-sdk/provider-utils@3.0.9":
  version "3.0.9"
  resolved "https://registry.yarnpkg.com/@ai-sdk/provider-utils/-/provider-utils-3.0.9.tgz#ac35a11eaafb5943a6c1bb024b4d2fdda6a8a0a3"
  integrity sha512-Pm571x5efqaI4hf9yW4KsVlDBDme8++UepZRnq+kqVBWWjgvGhQlzU8glaFq0YJEB9kkxZHbRRyVeHoV2sRYaQ==
  dependencies:
    "@ai-sdk/provider" "2.0.0"
    "@standard-schema/spec" "^1.0.0"
    eventsource-parser "^3.0.5"

"@ai-sdk/provider@2.0.0":
  version "2.0.0"
  resolved "https://registry.yarnpkg.com/@ai-sdk/provider/-/provider-2.0.0.tgz#b853c739d523b33675bc74b6c506b2c690bc602b"
  integrity sha512-6o7Y2SeO9vFKB8lArHXehNuusnpddKPk7xqL7T2/b+OvXMRIXUO1rR4wcv1hAFUAT9avGZshty3Wlua/XA7TvA==
  dependencies:
    json-schema "^0.4.0"

"@nanostores/react@github:ai/react":
  version "1.0.0"
  resolved "https://codeload.github.com/ai/react/tar.gz/a6ad745cc307881916944ee4d6ba04bdda978dc6"

"@opentelemetry/api@1.9.0":
  version "1.9.0"
  resolved "https://registry.yarnpkg.com/@opentelemetry/api/-/api-1.9.0.tgz#d03eba68273dc0f7509e2a3d5cba21eae10379fe"
  integrity sha512-3giAOQvZiH5F9bMlMiv8+GSPMeqg0dbaeo58/0SlA9sxSqZhnUtxzX9/2FzyhS9sWQf5S0GJE0AKBrFqjpeYcg==

"@standard-schema/spec@^1.0.0":
  version "1.0.0"
  resolved "https://registry.yarnpkg.com/@standard-schema/spec/-/spec-1.0.0.tgz#f193b73dc316c4170f2e82a881da0f550d551b9c"
  integrity sha512-m2bOd0f2RT9k8QJx1JN85cZYyH1RqFBdlwtkSlf4tBDYLCiiZnv1fIIwacK6cqwXavOydf0NPToMQgpKq+dVlA==

ai@^5.0.35:
  version "5.0.44"
  resolved "https://registry.yarnpkg.com/ai/-/ai-5.0.44.tgz#a4503c2fbcc54329a5e59381f0c144e91eb71311"
  integrity sha512-l/rdoM4LcRpsRBVvZQBwSU73oNoFGlWj+PcH86QRzxDGJgZqgGItWO0QcKjBNcLDmUjGN1VYd/8J0TAXHJleRQ==
  dependencies:
    "@ai-sdk/gateway" "1.0.23"
    "@ai-sdk/provider" "2.0.0"
    "@ai-sdk/provider-utils" "3.0.9"
    "@opentelemetry/api" "1.9.0"

eventsource-parser@^3.0.5:
  version "3.0.6"
  resolved "https://registry.yarnpkg.com/eventsource-parser/-/eventsource-parser-3.0.6.tgz#292e165e34cacbc936c3c92719ef326d4aeb4e90"
  integrity sha512-Vo1ab+QXPzZ4tCa8SwIHJFaSzy4R6SHf7BY79rFBDf0idraZWAkYrDjDj8uWaSm3S2TK+hJ7/t1CEmZ7jXw+pg==

json-schema@^0.4.0:
  version "0.4.0"
  resolved "https://registry.yarnpkg.com/json-schema/-/json-schema-0.4.0.tgz#f7de4cf6efab838ebaeb3236474cbba5a1930ab5"
  integrity sha512-es94M3nTIfsEPisRafak+HDLfHXnKBhV3vU5eqPcS3flIWqcxJWgXHXiey3YrpaNsanY5ei1VoYEbOzijuq9BA==
